# This file is generated by running "yarn install" inside your project.
# Manual changes might be lost - proceed with caution!

__metadata:
  version: 4
  cacheKey: 7

"emoji-lookup-data@workspace:.":
  version: 0.0.0-use.local
  resolution: "emoji-lookup-data@workspace:."
  dependencies:
    node-fetch: ^2.6.1
  languageName: unknown
  linkType: soft

"node-fetch@npm:^2.6.1":
  version: 2.6.1
  resolution: "node-fetch@npm:2.6.1"
  checksum: cbb171635e538162b977eac5dfe7a1e07a9a02e991924377a6435502291e2f823d306b95aabc455caebf4a118ccf836868462bc70ccc3095af02bb9da61fda37
  languageName: node
  linkType: hard
